
Microsoft Visual Studio Solution File, Format Version 11.00
# Visual Studio 2010
Project("{FAE04EC0-301F-11D3-BF4B-00C04F79EFBC}") = "mcsharpbot", "mcsharpbot\mcsharpbot.csproj", "{F1E633F9-8677-4428-9D5A-1AACAC8E0227}"
EndProject
Global
	GlobalSection(SolutionConfigurationPlatforms) = preSolution
		Debug|Any CPU = Debug|Any CPU
		Release|Any CPU = Release|Any CPU
	EndGlobalSection
	GlobalSection(ProjectConfigurationPlatforms) = postSolution
		{F1E633F9-8677-4428-9D5A-1AACAC8E0227}.Debug|Any CPU.ActiveCfg = Debug|Any CPU
		{F1E633F9-8677-4428-9D5A-1AACAC8E0227}.Debug|Any CPU.Build.0 = Debug|Any CPU
		{F1E633F9-8677-4428-9D5A-1AACAC8E0227}.Release|Any CPU.ActiveCfg = Release|Any CPU
		{F1E633F9-8677-4428-9D5A-1AACAC8E0227}.Release|Any CPU.Build.0 = Release|Any CPU
	EndGlobalSection
	GlobalSection(SolutionProperties) = preSolution
		HideSolutionNode = FALSE
	EndGlobalSection
EndGlobal
